
Microsoft Visual Studio Solution File, Format Version 12.00
# Visual Studio Version 17
VisualStudioVersion = 17.9.34728.123
MinimumVisualStudioVersion = 10.0.40219.1
Project("{FAE04EC0-301F-11D3-BF4B-00C04F79EFBC}") = "MediatorDemo", "MediatorDemo\MediatorDemo.csproj", "{1ED6BB85-6508-4261-A5E3-E377657167C0}"
EndProject
Global
	GlobalSection(SolutionConfigurationPlatforms) = preSolution
		Debug|Any CPU = Debug|Any CPU
		Release|Any CPU = Release|Any CPU
	EndGlobalSection
	GlobalSection(ProjectConfigurationPlatforms) = postSolution
		{1ED6BB85-6508-4261-A5E3-E377657167C0}.Debug|Any CPU.ActiveCfg = Debug|Any CPU
		{1ED6BB85-6508-4261-A5E3-E377657167C0}.Debug|Any CPU.Build.0 = Debug|Any CPU
		{1ED6BB85-6508-4261-A5E3-E377657167C0}.Release|Any CPU.ActiveCfg = Release|Any CPU
		{1ED6BB85-6508-4261-A5E3-E377657167C0}.Release|Any CPU.Build.0 = Release|Any CPU
	EndGlobalSection
	GlobalSection(SolutionProperties) = preSolution
		HideSolutionNode = FALSE
	EndGlobalSection
	GlobalSection(ExtensibilityGlobals) = postSolution
		SolutionGuid = {B9C51E31-9C44-4CDD-9177-3D0F18DDD232}
	EndGlobalSection
EndGlobal
